
Microsoft Visual Studio Solution File, Format Version 12.00
# Visual Studio Version 16
VisualStudioVersion = 16.0.30907.101
MinimumVisualStudioVersion = 10.0.40219.1
Project("{FAE04EC0-301F-11D3-BF4B-00C04F79EFBC}") = "ErrorLogging.Client", "ErrorLogging.Client\ErrorLogging.Client.csproj", "{9F5E1BF5-EFD7-4A9E-A173-E022EFAACD0B}"
EndProject
Project("{FAE04EC0-301F-11D3-BF4B-00C04F79EFBC}") = "ErrorLogging.Logger", "ErrorLogging.Logger\ErrorLogging.Logger.csproj", "{00DBF3D2-414C-48E4-BAC7-B4D4EAA2191A}"
EndProject
Global
	GlobalSection(SolutionConfigurationPlatforms) = preSolution
		Debug|Any CPU = Debug|Any CPU
		Release|Any CPU = Release|Any CPU
	EndGlobalSection
	GlobalSection(ProjectConfigurationPlatforms) = postSolution
		{9F5E1BF5-EFD7-4A9E-A173-E022EFAACD0B}.Debug|Any CPU.ActiveCfg = Debug|Any CPU
		{9F5E1BF5-EFD7-4A9E-A173-E022EFAACD0B}.Debug|Any CPU.Build.0 = Debug|Any CPU
		{9F5E1BF5-EFD7-4A9E-A173-E022EFAACD0B}.Release|Any CPU.ActiveCfg = Release|Any CPU
		{9F5E1BF5-EFD7-4A9E-A173-E022EFAACD0B}.Release|Any CPU.Build.0 = Release|Any CPU
		{00DBF3D2-414C-48E4-BAC7-B4D4EAA2191A}.Debug|Any CPU.ActiveCfg = Debug|Any CPU
		{00DBF3D2-414C-48E4-BAC7-B4D4EAA2191A}.Debug|Any CPU.Build.0 = Debug|Any CPU
		{00DBF3D2-414C-48E4-BAC7-B4D4EAA2191A}.Release|Any CPU.ActiveCfg = Release|Any CPU
		{00DBF3D2-414C-48E4-BAC7-B4D4EAA2191A}.Release|Any CPU.Build.0 = Release|Any CPU
	EndGlobalSection
	GlobalSection(SolutionProperties) = preSolution
		HideSolutionNode = FALSE
	EndGlobalSection
	GlobalSection(ExtensibilityGlobals) = postSolution
		SolutionGuid = {312A0B0C-2A04-4E01-8060-4DCE8BF31AD2}
	EndGlobalSection
EndGlobal
