
Microsoft Visual Studio Solution File, Format Version 12.00
# Visual Studio Version 16
VisualStudioVersion = 16.0.30907.101
MinimumVisualStudioVersion = 10.0.40219.1
Project("{FAE04EC0-301F-11D3-BF4B-00C04F79EFBC}") = "ErrorLogging.Client", "ErrorLogging\ErrorLogging.Client.csproj", "{82F521C6-C381-4FE7-8EE9-F2BE819E897B}"
EndProject
Project("{FAE04EC0-301F-11D3-BF4B-00C04F79EFBC}") = "ErrorLogging.Logger", "ErrorLogging.Logger\ErrorLogging.Logger.csproj", "{3DC55573-8BFB-4AB6-8214-46017785C361}"
EndProject
Global
	GlobalSection(SolutionConfigurationPlatforms) = preSolution
		Debug|Any CPU = Debug|Any CPU
		Release|Any CPU = Release|Any CPU
	EndGlobalSection
	GlobalSection(ProjectConfigurationPlatforms) = postSolution
		{82F521C6-C381-4FE7-8EE9-F2BE819E897B}.Debug|Any CPU.ActiveCfg = Debug|Any CPU
		{82F521C6-C381-4FE7-8EE9-F2BE819E897B}.Debug|Any CPU.Build.0 = Debug|Any CPU
		{82F521C6-C381-4FE7-8EE9-F2BE819E897B}.Release|Any CPU.ActiveCfg = Release|Any CPU
		{82F521C6-C381-4FE7-8EE9-F2BE819E897B}.Release|Any CPU.Build.0 = Release|Any CPU
		{3DC55573-8BFB-4AB6-8214-46017785C361}.Debug|Any CPU.ActiveCfg = Debug|Any CPU
		{3DC55573-8BFB-4AB6-8214-46017785C361}.Debug|Any CPU.Build.0 = Debug|Any CPU
		{3DC55573-8BFB-4AB6-8214-46017785C361}.Release|Any CPU.ActiveCfg = Release|Any CPU
		{3DC55573-8BFB-4AB6-8214-46017785C361}.Release|Any CPU.Build.0 = Release|Any CPU
	EndGlobalSection
	GlobalSection(SolutionProperties) = preSolution
		HideSolutionNode = FALSE
	EndGlobalSection
	GlobalSection(ExtensibilityGlobals) = postSolution
		SolutionGuid = {312A0B0C-2A04-4E01-8060-4DCE8BF31AD2}
	EndGlobalSection
EndGlobal
